{
  "projects": [
    {
      "projectId": "b1jHtzznz5qfWCWxvSbcUi",
      "version": "latest",
      "dependencies": {},
      "lang": "ts",
      "fileLocks": [
        {
          "type": "globalVariant",
          "assetId": "ttBNf_5qNnjj2",
          "checksum": "b735f2427bceea90d4e8da3b6328a00a"
        },
        {
          "type": "renderModule",
          "assetId": "oC9KOZtsJNg9",
          "checksum": "9da2b96e5900c96df1354e7ab73bf1d4"
        },
        {
          "type": "cssRules",
          "assetId": "oC9KOZtsJNg9",
          "checksum": "9da2b96e5900c96df1354e7ab73bf1d4"
        },
        {
          "type": "renderModule",
          "assetId": "MpF9-nqW6l",
          "checksum": "eae08451c2fadf52863147616edc570f"
        },
        {
          "type": "cssRules",
          "assetId": "MpF9-nqW6l",
          "checksum": "eae08451c2fadf52863147616edc570f"
        },
        {
          "type": "renderModule",
          "assetId": "lnqd9ErfP5U",
          "checksum": "80eada4d80eb30307cf9008307b6abf2"
        },
        {
          "type": "cssRules",
          "assetId": "lnqd9ErfP5U",
          "checksum": "80eada4d80eb30307cf9008307b6abf2"
        },
        {
          "type": "icon",
          "assetId": "06sqnCvGttSRK",
          "checksum": "345fe28b2a7eed186ccddfb8a3747451"
        },
        {
          "type": "icon",
          "assetId": "7TwBb5bVIMNBP",
          "checksum": "df117a1dd8d9f9ea0954b4d929434a3d"
        },
        {
          "type": "icon",
          "assetId": "GX4aUrHbReI",
          "checksum": "7622f5c40f520bbbff94ced0e12f24f5"
        },
        {
          "type": "icon",
          "assetId": "lAPalT-xsgR",
          "checksum": "c0d604800cd5d5cbb80332e484fc27d7"
        },
        {
          "type": "image",
          "assetId": "ZiesuSfx-Lua5",
          "checksum": "5607cfaa15d0139d368fc89867a436e0"
        },
        {
          "type": "image",
          "assetId": "plMgxT8eI",
          "checksum": "54d7ac65a5299a0b7a641d66cf43e6ca"
        },
        {
          "type": "image",
          "assetId": "LvVuirZ4k",
          "checksum": "4a1fe463dab605538dbe63f1244ca5c1"
        },
        {
          "type": "image",
          "assetId": "op_LfrNGk",
          "checksum": "d898050ea0a56400491d9203ebade44d"
        },
        {
          "type": "image",
          "assetId": "UhwL_RqzT",
          "checksum": "16ae72e9acd6ba63167157e12f25db3a"
        },
        {
          "type": "image",
          "assetId": "kRbqdlGkY",
          "checksum": "5d7f5262017bfbc452081a2f43d6cb5e"
        },
        {
          "type": "image",
          "assetId": "1qVGPT_bB",
          "checksum": "37e4584c0cd1c65c3d31cf345589a5fa"
        },
        {
          "type": "image",
          "assetId": "b287TMXWS",
          "checksum": "280b5d9c5ce7934236ce0d35f7fb44f5"
        },
        {
          "type": "image",
          "assetId": "dHeGZKUk4",
          "checksum": "013ebc292b59469f8a5f2a58b3a50ee5"
        },
        {
          "type": "globalVariant",
          "assetId": "AFXGsilAZy",
          "checksum": "47b220b0e45d70031c83ec499d5ba5fd"
        },
        {
          "assetId": "b1jHtzznz5qfWCWxvSbcUi",
          "type": "projectCss",
          "checksum": "a187ee740db303595710683b3832fe46"
        },
        {
          "type": "icon",
          "assetId": "FubHFUMaY",
          "checksum": "4f43492f093a2371a2e51d3c32c966fb"
        }
      ],
      "codegenVersion": "0.0.1"
    }
  ],
  "cliVersion": "0.1.176"
}
