{
  "projects": [
    {
      "projectId": "b1jHtzznz5qfWCWxvSbcUi",
      "version": "latest",
      "dependencies": {},
      "lang": "ts",
      "fileLocks": [
        {
          "type": "globalVariant",
          "assetId": "ttBNf_5qNnjj2",
          "checksum": "baac949feef79e332d0dbfdc4b206d80"
        },
        {
          "type": "renderModule",
          "assetId": "oC9KOZtsJNg9",
          "checksum": "2aa4fce8dc1aaf982b28fb19d452408f"
        },
        {
          "type": "cssRules",
          "assetId": "oC9KOZtsJNg9",
          "checksum": "2aa4fce8dc1aaf982b28fb19d452408f"
        },
        {
          "type": "renderModule",
          "assetId": "MpF9-nqW6l",
          "checksum": "761da7f66262d3b841a464a23306fe7a"
        },
        {
          "type": "cssRules",
          "assetId": "MpF9-nqW6l",
          "checksum": "761da7f66262d3b841a464a23306fe7a"
        },
        {
          "type": "renderModule",
          "assetId": "lnqd9ErfP5U",
          "checksum": "81ad01aacb83ebb53c7f2f1766db76bf"
        },
        {
          "type": "cssRules",
          "assetId": "lnqd9ErfP5U",
          "checksum": "81ad01aacb83ebb53c7f2f1766db76bf"
        },
        {
          "type": "icon",
          "assetId": "06sqnCvGttSRK",
          "checksum": "345fe28b2a7eed186ccddfb8a3747451"
        },
        {
          "type": "icon",
          "assetId": "7TwBb5bVIMNBP",
          "checksum": "df117a1dd8d9f9ea0954b4d929434a3d"
        },
        {
          "type": "icon",
          "assetId": "GX4aUrHbReI",
          "checksum": "7622f5c40f520bbbff94ced0e12f24f5"
        },
        {
          "type": "icon",
          "assetId": "lAPalT-xsgR",
          "checksum": "c0d604800cd5d5cbb80332e484fc27d7"
        },
        {
          "type": "image",
          "assetId": "ZiesuSfx-Lua5",
          "checksum": "5607cfaa15d0139d368fc89867a436e0"
        },
        {
          "type": "image",
          "assetId": "plMgxT8eI",
          "checksum": "54d7ac65a5299a0b7a641d66cf43e6ca"
        },
        {
          "type": "image",
          "assetId": "LvVuirZ4k",
          "checksum": "4a1fe463dab605538dbe63f1244ca5c1"
        },
        {
          "type": "image",
          "assetId": "op_LfrNGk",
          "checksum": "d898050ea0a56400491d9203ebade44d"
        },
        {
          "type": "image",
          "assetId": "UhwL_RqzT",
          "checksum": "16ae72e9acd6ba63167157e12f25db3a"
        },
        {
          "type": "image",
          "assetId": "kRbqdlGkY",
          "checksum": "5d7f5262017bfbc452081a2f43d6cb5e"
        },
        {
          "type": "image",
          "assetId": "1qVGPT_bB",
          "checksum": "37e4584c0cd1c65c3d31cf345589a5fa"
        },
        {
          "type": "image",
          "assetId": "b287TMXWS",
          "checksum": "280b5d9c5ce7934236ce0d35f7fb44f5"
        },
        {
          "type": "image",
          "assetId": "dHeGZKUk4",
          "checksum": "013ebc292b59469f8a5f2a58b3a50ee5"
        },
        {
          "type": "icon",
          "assetId": "FubHFUMaY",
          "checksum": "4f43492f093a2371a2e51d3c32c966fb"
        },
        {
          "assetId": "b1jHtzznz5qfWCWxvSbcUi",
          "type": "projectCss",
          "checksum": "49bb007847368675fc18cba042b2098f"
        },
        {
          "type": "renderModule",
          "assetId": "WCbkjhEoR2t",
          "checksum": "3830bcf3ed9a77124959288e3f0f5f3e"
        },
        {
          "type": "cssRules",
          "assetId": "WCbkjhEoR2t",
          "checksum": "3830bcf3ed9a77124959288e3f0f5f3e"
        },
        {
          "type": "renderModule",
          "assetId": "TmaXwBUdb0",
          "checksum": "bd27520ed34753c65ed72787c574d246"
        },
        {
          "type": "cssRules",
          "assetId": "TmaXwBUdb0",
          "checksum": "bd27520ed34753c65ed72787c574d246"
        },
        {
          "type": "renderModule",
          "assetId": "gACe1O_O0u",
          "checksum": "f1c274e044117510a1048aa7641adde5"
        },
        {
          "type": "cssRules",
          "assetId": "gACe1O_O0u",
          "checksum": "f1c274e044117510a1048aa7641adde5"
        },
        {
          "type": "renderModule",
          "assetId": "8MORm4CsJp",
          "checksum": "415ffec042e394548c4fae6aa717bb40"
        },
        {
          "type": "cssRules",
          "assetId": "8MORm4CsJp",
          "checksum": "415ffec042e394548c4fae6aa717bb40"
        },
        {
          "type": "icon",
          "assetId": "z-ZV8UwMi",
          "checksum": "70292185ec294045d1d563ee5b638779"
        },
        {
          "type": "icon",
          "assetId": "n1y1U6inZ",
          "checksum": "4add102062061d5f55890b97ae8a6be2"
        },
        {
          "type": "icon",
          "assetId": "J33e3XWQn",
          "checksum": "e1a5d0d28fc2821e8d01d5a32a8101ef"
        },
        {
          "type": "icon",
          "assetId": "xVXdnuUl-",
          "checksum": "660238b6471ffd1f4fa421998b88b0b3"
        },
        {
          "type": "icon",
          "assetId": "gOi0fOFaX",
          "checksum": "07dac1b4f16e4a8f5d3b03f8c768f9cd"
        },
        {
          "type": "icon",
          "assetId": "KbRrj-8yN",
          "checksum": "4d94ea18c35367c6c22f3f87d5b0319f"
        },
        {
          "type": "image",
          "assetId": "1-LA4a9al",
          "checksum": "8c4748e517e04577cfbec2d9a8ff3c99"
        },
        {
          "type": "image",
          "assetId": "1HPCjHdpR",
          "checksum": "a249603510a0c410db2f57beac4cb208"
        },
        {
          "type": "image",
          "assetId": "AMGAV7t4b",
          "checksum": "8d207c4e53ea0d84f5f081a28735dcc1"
        },
        {
          "type": "image",
          "assetId": "Zr4Oh0sze",
          "checksum": "3c215266486a661003ecd075ccffbf5b"
        },
        {
          "type": "image",
          "assetId": "6x4rD8XOV",
          "checksum": "a2ffb59542fb79b06a8ac8a4b1b05471"
        },
        {
          "type": "image",
          "assetId": "JmRfr9m-O",
          "checksum": "18c0cddbd5deb2156f0e8db24f664fc0"
        },
        {
          "type": "image",
          "assetId": "q4HluRuvq",
          "checksum": "6baf24d3842d5c7c0aa3335d935cf362"
        },
        {
          "type": "image",
          "assetId": "NiLpCa7tW",
          "checksum": "294252679723caf78a40dcc856f36c49"
        },
        {
          "type": "image",
          "assetId": "0xv0_tXMd",
          "checksum": "41564351f9871d2f8431f3ded0bf5a3f"
        },
        {
          "type": "image",
          "assetId": "i31351qXA",
          "checksum": "6b5cd3a68697d3853958737049595f67"
        },
        {
          "type": "image",
          "assetId": "8Riev5cZg",
          "checksum": "5a51f8d1cb638f0d20320c383ea6f773"
        },
        {
          "type": "image",
          "assetId": "yidXm4jDx",
          "checksum": "a43a41ea2c86843f6c12f9739a80e9db"
        }
      ],
      "codegenVersion": "0.0.1"
    }
  ],
  "cliVersion": "0.1.176"
}
